<?xml version="1.0" encoding="utf-8"?>
<Project ToolsVersion="4.0" xmlns="http://schemas.microsoft.com/developer/msbuild/2003">
  <ItemGroup>
    <Filter Include="Archivos de código fuente">
      <UniqueIdentifier>{4FC737F1-C7A5-4376-A066-2A32D752A2FF}</UniqueIdentifier>
      <Extensions>cpp;c;cc;cxx;def;odl;idl;hpj;bat;asm;asmx</Extensions>
    </Filter>
    <Filter Include="Archivos de encabezado">
      <UniqueIdentifier>{93995380-89BD-4b04-88EB-625FBE52EBFB}</UniqueIdentifier>
      <Extensions>h;hh;hpp;hxx;hm;inl;inc;xsd</Extensions>
    </Filter>
    <Filter Include="Archivos de recursos">
      <UniqueIdentifier>{67DA6AB6-F800-4c08-8B7A-83BB121AAD01}</UniqueIdentifier>
      <Extensions>rc;ico;cur;bmp;dlg;rc2;rct;bin;rgs;gif;jpg;jpeg;jpe;resx;tiff;tif;png;wav;mfcribbon-ms</Extensions>
    </Filter>
    <Filter Include="Shaders">
      <UniqueIdentifier>{5ec184ee-42d5-4f4f-87e9-7f662e3078c6}</UniqueIdentifier>
    </Filter>
  </ItemGroup>
  <ItemGroup>
    <ClCompile Include="main.cpp">
      <Filter>Archivos de código fuente</Filter>
    </ClCompile>
    <ClCompile Include="KFTracking1.cpp">
      <Filter>Archivos de código fuente</Filter>
    </ClCompile>
    <ClCompile Include="TrackingGrid1.cpp">
      <Filter>Archivos de código fuente</Filter>
    </ClCompile>
    <ClCompile Include="shader.cpp">
      <Filter>Archivos de código fuente</Filter>
    </ClCompile>
    <ClCompile Include="Character.cpp">
      <Filter>Archivos de código fuente</Filter>
    </ClCompile>
    <ClCompile Include="ModelData.cpp">
      <Filter>Archivos de código fuente</Filter>
    </ClCompile>
  </ItemGroup>
  <ItemGroup>
    <ClInclude Include="globalConstants.h">
      <Filter>Archivos de encabezado</Filter>
    </ClInclude>
    <ClInclude Include="Geometria.h">
      <Filter>Archivos de encabezado</Filter>
    </ClInclude>
    <ClInclude Include="KFTracking1.h">
      <Filter>Archivos de encabezado</Filter>
    </ClInclude>
    <ClInclude Include="TrackingGrid1.h">
      <Filter>Archivos de encabezado</Filter>
    </ClInclude>
    <ClInclude Include="threadProcessImage1.h">
      <Filter>Archivos de encabezado</Filter>
    </ClInclude>
    <ClInclude Include="Statistics.h">
      <Filter>Archivos de encabezado</Filter>
    </ClInclude>
    <ClInclude Include="shader.h">
      <Filter>Archivos de encabezado</Filter>
    </ClInclude>
    <ClInclude Include="Character.h">
      <Filter>Archivos de encabezado</Filter>
    </ClInclude>
    <ClInclude Include="ModelData.h">
      <Filter>Archivos de encabezado</Filter>
    </ClInclude>
    <ClInclude Include="Loader3D.h">
      <Filter>Archivos de encabezado</Filter>
    </ClInclude>
  </ItemGroup>
  <ItemGroup>
    <None Include="Shaders\ColorFragmentShader.fragmentshader">
      <Filter>Shaders</Filter>
    </None>
    <None Include="Shaders\TransformVertexShader.vertexshader">
      <Filter>Shaders</Filter>
    </None>
    <None Include="Shaders\backgroundFragShader.frag">
      <Filter>Shaders</Filter>
    </None>
    <None Include="Shaders\backgroundVertShader.vert">
      <Filter>Shaders</Filter>
    </None>
    <None Include="Shaders\ColorFragmentShader.frag">
      <Filter>Shaders</Filter>
    </None>
    <None Include="Shaders\cubeFragShader.frag">
      <Filter>Shaders</Filter>
    </None>
    <None Include="Shaders\cubeMapFragShader.frag">
      <Filter>Shaders</Filter>
    </None>
    <None Include="Shaders\cubeMapVertShader.vert">
      <Filter>Shaders</Filter>
    </None>
    <None Include="Shaders\cubeVertShader.vert">
      <Filter>Shaders</Filter>
    </None>
    <None Include="Shaders\modelFragShader.frag">
      <Filter>Shaders</Filter>
    </None>
    <None Include="Shaders\modelVertShader.vert">
      <Filter>Shaders</Filter>
    </None>
    <None Include="Shaders\sphereFragShader.frag">
      <Filter>Shaders</Filter>
    </None>
    <None Include="Shaders\sphereVertShader.vert">
      <Filter>Shaders</Filter>
    </None>
    <None Include="Shaders\TransformVertexShader.vert">
      <Filter>Shaders</Filter>
    </None>
  </ItemGroup>
</Project>